
Microsoft Visual Studio Solution File, Format Version 12.00
# Visual Studio 15
VisualStudioVersion = 15.0.27428.2027
MinimumVisualStudioVersion = 10.0.40219.1
Project("{FAE04EC0-301F-11D3-BF4B-00C04F79EFBC}") = "TodoApi", "TodoApi\TodoApi.csproj", "{1B537B66-88F1-45A5-BDD0-AAE7983F69CA}"
EndProject
Global
	GlobalSection(SolutionConfigurationPlatforms) = preSolution
		Debug|Any CPU = Debug|Any CPU
		Release|Any CPU = Release|Any CPU
	EndGlobalSection
	GlobalSection(ProjectConfigurationPlatforms) = postSolution
		{1B537B66-88F1-45A5-BDD0-AAE7983F69CA}.Debug|Any CPU.ActiveCfg = Debug|Any CPU
		{1B537B66-88F1-45A5-BDD0-AAE7983F69CA}.Debug|Any CPU.Build.0 = Debug|Any CPU
		{1B537B66-88F1-45A5-BDD0-AAE7983F69CA}.Release|Any CPU.ActiveCfg = Release|Any CPU
		{1B537B66-88F1-45A5-BDD0-AAE7983F69CA}.Release|Any CPU.Build.0 = Release|Any CPU
	EndGlobalSection
	GlobalSection(SolutionProperties) = preSolution
		HideSolutionNode = FALSE
	EndGlobalSection
	GlobalSection(ExtensibilityGlobals) = postSolution
		SolutionGuid = {92757BFD-453E-45B1-BB27-23C1FBE006B3}
	EndGlobalSection
EndGlobal
